
Microsoft Visual Studio Solution File, Format Version 12.00
# Visual Studio 15
VisualStudioVersion = 15.0.27130.2027
MinimumVisualStudioVersion = 10.0.40219.1
Project("{FAE04EC0-301F-11D3-BF4B-00C04F79EFBC}") = "AzureFunctionsPGPDecrypt", "AzureFunctionsPGPDecrypt\AzureFunctionsPGPDecrypt.csproj", "{F8DC7C2F-4410-46A6-A997-7A89C5D3565E}"
EndProject
Global
	GlobalSection(SolutionConfigurationPlatforms) = preSolution
		Debug|Any CPU = Debug|Any CPU
		Release|Any CPU = Release|Any CPU
	EndGlobalSection
	GlobalSection(ProjectConfigurationPlatforms) = postSolution
		{F8DC7C2F-4410-46A6-A997-7A89C5D3565E}.Debug|Any CPU.ActiveCfg = Debug|Any CPU
		{F8DC7C2F-4410-46A6-A997-7A89C5D3565E}.Debug|Any CPU.Build.0 = Debug|Any CPU
		{F8DC7C2F-4410-46A6-A997-7A89C5D3565E}.Release|Any CPU.ActiveCfg = Release|Any CPU
		{F8DC7C2F-4410-46A6-A997-7A89C5D3565E}.Release|Any CPU.Build.0 = Release|Any CPU
	EndGlobalSection
	GlobalSection(SolutionProperties) = preSolution
		HideSolutionNode = FALSE
	EndGlobalSection
	GlobalSection(ExtensibilityGlobals) = postSolution
		SolutionGuid = {7A9F632A-65ED-444E-B28F-40EC707AC6E2}
	EndGlobalSection
EndGlobal
